PODS:
  - AWSAuthCore (2.6.11):
    - AWSCore (= 2.6.11)
  - AWSAuthUI (2.6.11):
    - AWSAuthCore (= 2.6.11)
    - AWSCore (= 2.6.11)
  - AWSCognitoIdentityProvider (2.6.11):
    - AWSCognitoIdentityProviderASF (= 1.0.1)
    - AWSCore (= 2.6.11)
  - AWSCognitoIdentityProviderASF (1.0.1)
  - AWSCore (2.6.11)
  - AWSDynamoDB (2.6.11):
    - AWSCore (= 2.6.11)
  - AWSMobileClient (2.6.11):
    - AWSAuthCore (= 2.6.11)
  - AWSPinpoint (2.6.11):
    - AWSCore (= 2.6.11)
  - AWSUserPoolsSignIn (2.6.11):
    - AWSAuthCore (= 2.6.11)
    - AWSCognitoIdentityProvider (= 2.6.11)
  - CSV.swift (2.1.0)

DEPENDENCIES:
  - AWSAuthUI (~> 2.6.6)
  - AWSDynamoDB (~> 2.6.6)
  - AWSMobileClient (~> 2.6.6)
  - AWSPinpoint (~> 2.6.6)
  - AWSUserPoolsSignIn (~> 2.6.6)
  - CSV.swift (~> 2.1.0)

SPEC CHECKSUMS:
  AWSAuthCore: 400f64223dc7509bf2c2b320c25f03c9281e2aac
  AWSAuthUI: 6259cddd495ea178bd7da560453aef9e7909e0c1
  AWSCognitoIdentityProvider: 83b8a4dcdd83f54750ff6556f24757894c6e6062
  AWSCognitoIdentityProviderASF: f94f1a502e72ef3d0a1de93e10bf7a79c8698118
  AWSCore: a461695bf302a32a366768bf36056be3a2c87d8d
  AWSDynamoDB: b77bdd2b91ca4787803b7f06c8efbf7725e81a8f
  AWSMobileClient: 6ba0612943c6dee6b7a5bdf288296c6a8dfffb13
  AWSPinpoint: d8b60d18bb6bbfefda68659d3e4dac64893f2596
  AWSUserPoolsSignIn: 97a1023f253b01400960ba869053a9a061a0c5e8
  CSV.swift: a24fb11c17875523783fe963592762ff163ef8ea

PODFILE CHECKSUM: 792a17c733cb2885639258f1ba825faca48942e3

COCOAPODS: 1.4.0
