// !$*UTF8*$!
{
	archiveVersion = 1;
	classes = {
	};
	objectVersion = 48;
	objects = {

/* Begin PBXBuildFile section */
		3BED616D9D21DC21EC12C120 /* Pods_WeekendWarrior.framework in Frameworks */ = {isa = PBXBuildFile; fileRef = 23C163100891866AF08117CD /* Pods_WeekendWarrior.framework */; };
		A4C2F7FA009935B4283DD4FF /* Pods_WeekendWarriorTests.framework in Frameworks */ = {isa = PBXBuildFile; fileRef = 321EF7D0E56A8082B2DB5A30 /* Pods_WeekendWarriorTests.framework */; };
		D3B7C3DC948B863209F8563F /* Pods_WeekendWarriorUITests.framework in Frameworks */ = {isa = PBXBuildFile; fileRef = 07F39AC702E15045D1054050 /* Pods_WeekendWarriorUITests.framework */; };
		DB0358222008402B00622A08 /* AppDelegate.swift in Sources */ = {isa = PBXBuildFile; fileRef = DB0358212008402B00622A08 /* AppDelegate.swift */; };
		DB0358242008402B00622A08 /* RootViewController.swift in Sources */ = {isa = PBXBuildFile; fileRef = DB0358232008402B00622A08 /* RootViewController.swift */; };
		DB0358262008402B00622A08 /* DataViewController.swift in Sources */ = {isa = PBXBuildFile; fileRef = DB0358252008402B00622A08 /* DataViewController.swift */; };
		DB0358282008402B00622A08 /* ModelController.swift in Sources */ = {isa = PBXBuildFile; fileRef = DB0358272008402B00622A08 /* ModelController.swift */; };
		DB03582D2008402B00622A08 /* Assets.xcassets in Resources */ = {isa = PBXBuildFile; fileRef = DB03582C2008402B00622A08 /* Assets.xcassets */; };
		DB0358302008402B00622A08 /* LaunchScreen.storyboard in Resources */ = {isa = PBXBuildFile; fileRef = DB03582E2008402B00622A08 /* LaunchScreen.storyboard */; };
		DB03583B2008402C00622A08 /* WeekendWarriorTests.swift in Sources */ = {isa = PBXBuildFile; fileRef = DB03583A2008402C00622A08 /* WeekendWarriorTests.swift */; };
		DB0358462008402C00622A08 /* WeekendWarriorUITests.swift in Sources */ = {isa = PBXBuildFile; fileRef = DB0358452008402C00622A08 /* WeekendWarriorUITests.swift */; };
		DB12DB3E2032731C00B2421C /* awsconfiguration.json in Resources */ = {isa = PBXBuildFile; fileRef = DB12DB3D2032731C00B2421C /* awsconfiguration.json */; };
		DB12DB40203273A600B2421C /* Trail.swift in Sources */ = {isa = PBXBuildFile; fileRef = DB12DB3F203273A600B2421C /* Trail.swift */; };
		DB12DB4320328A5E00B2421C /* weekend-warrior-data.csv in Resources */ = {isa = PBXBuildFile; fileRef = DB12DB412032881600B2421C /* weekend-warrior-data.csv */; };
		DB1A7EAA202A55F700210E6C /* TrailTableViewCell.swift in Sources */ = {isa = PBXBuildFile; fileRef = DB1A7EA9202A55F700210E6C /* TrailTableViewCell.swift */; };
		DB1A7EAC202A69A200210E6C /* TrailTableViewController.swift in Sources */ = {isa = PBXBuildFile; fileRef = DB1A7EAB202A69A200210E6C /* TrailTableViewController.swift */; };
		DBE55B38201FEE3C007337C0 /* ViewController.m in Sources */ = {isa = PBXBuildFile; fileRef = DBE55B37201FEE3C007337C0 /* ViewController.m */; };
		E78456322027BBBE00CA4717 /* Main.storyboard in Resources */ = {isa = PBXBuildFile; fileRef = E78456312027BBBE00CA4717 /* Main.storyboard */; };
		E78456352027BBDE00CA4717 /* SecondViewController.m in Sources */ = {isa = PBXBuildFile; fileRef = E78456342027BBDE00CA4717 /* SecondViewController.m */; };
		E7D063FD2034C9BE007CAEEF /* TrailDisplayController.swift in Sources */ = {isa = PBXBuildFile; fileRef = E7D063FC2034C9BE007CAEEF /* TrailDisplayController.swift */; };
/* End PBXBuildFile section */

/* Begin PBXContainerItemProxy section */
		DB0358372008402C00622A08 /* PBXContainerItemProxy */ = {
			isa = PBXContainerItemProxy;
			containerPortal = DB0358162008402B00622A08 /* Project object */;
			proxyType = 1;
			remoteGlobalIDString = DB03581D2008402B00622A08;
			remoteInfo = WeekendWarrior;
		};
		DB0358422008402C00622A08 /* PBXContainerItemProxy */ = {
			isa = PBXContainerItemProxy;
			containerPortal = DB0358162008402B00622A08 /* Project object */;
			proxyType = 1;
			remoteGlobalIDString = DB03581D2008402B00622A08;
			remoteInfo = WeekendWarrior;
		};
/* End PBXContainerItemProxy section */

/* Begin PBXFileReference section */
		07F39AC702E15045D1054050 /* Pods_WeekendWarriorUITests.framework */ = {isa = PBXFileReference; explicitFileType = wrapper.framework; includeInIndex = 0; path = Pods_WeekendWarriorUITests.framework; sourceTree = BUILT_PRODUCTS_DIR; };
		08AD5400F51875CB48F8FD54 /* Pods-WeekendWarriorTests.release.xcconfig */ = {isa = PBXFileReference; includeInIndex = 1; lastKnownFileType = text.xcconfig; name = "Pods-WeekendWarriorTests.release.xcconfig"; path = "Pods/Target Support Files/Pods-WeekendWarriorTests/Pods-WeekendWarriorTests.release.xcconfig"; sourceTree = "<group>"; };
		1D042B678E10DEDC5559D315 /* Pods-WeekendWarrior.release.xcconfig */ = {isa = PBXFileReference; includeInIndex = 1; lastKnownFileType = text.xcconfig; name = "Pods-WeekendWarrior.release.xcconfig"; path = "Pods/Target Support Files/Pods-WeekendWarrior/Pods-WeekendWarrior.release.xcconfig"; sourceTree = "<group>"; };
		23C163100891866AF08117CD /* Pods_WeekendWarrior.framework */ = {isa = PBXFileReference; explicitFileType = wrapper.framework; includeInIndex = 0; path = Pods_WeekendWarrior.framework; sourceTree = BUILT_PRODUCTS_DIR; };
		321EF7D0E56A8082B2DB5A30 /* Pods_WeekendWarriorTests.framework */ = {isa = PBXFileReference; explicitFileType = wrapper.framework; includeInIndex = 0; path = Pods_WeekendWarriorTests.framework; sourceTree = BUILT_PRODUCTS_DIR; };
		3C4A55D94DC39248362806D3 /* Pods-WeekendWarrior.debug.xcconfig */ = {isa = PBXFileReference; includeInIndex = 1; lastKnownFileType = text.xcconfig; name = "Pods-WeekendWarrior.debug.xcconfig"; path = "Pods/Target Support Files/Pods-WeekendWarrior/Pods-WeekendWarrior.debug.xcconfig"; sourceTree = "<group>"; };
		492A77B6CFA35E2EED744B8D /* Pods-WeekendWarriorUITests.release.xcconfig */ = {isa = PBXFileReference; includeInIndex = 1; lastKnownFileType = text.xcconfig; name = "Pods-WeekendWarriorUITests.release.xcconfig"; path = "Pods/Target Support Files/Pods-WeekendWarriorUITests/Pods-WeekendWarriorUITests.release.xcconfig"; sourceTree = "<group>"; };
		7BA9B5FA3CCFF00DFC299E3D /* Pods-WeekendWarriorUITests.debug.xcconfig */ = {isa = PBXFileReference; includeInIndex = 1; lastKnownFileType = text.xcconfig; name = "Pods-WeekendWarriorUITests.debug.xcconfig"; path = "Pods/Target Support Files/Pods-WeekendWarriorUITests/Pods-WeekendWarriorUITests.debug.xcconfig"; sourceTree = "<group>"; };
		C7A691F643921E9C108F6A09 /* Pods-WeekendWarriorTests.debug.xcconfig */ = {isa = PBXFileReference; includeInIndex = 1; lastKnownFileType = text.xcconfig; name = "Pods-WeekendWarriorTests.debug.xcconfig"; path = "Pods/Target Support Files/Pods-WeekendWarriorTests/Pods-WeekendWarriorTests.debug.xcconfig"; sourceTree = "<group>"; };
		DB03581E2008402B00622A08 /* WeekendWarrior.app */ = {isa = PBXFileReference; explicitFileType = wrapper.application; includeInIndex = 0; path = WeekendWarrior.app; sourceTree = BUILT_PRODUCTS_DIR; };
		DB0358212008402B00622A08 /* AppDelegate.swift */ = {isa = PBXFileReference; lastKnownFileType = sourcecode.swift; path = AppDelegate.swift; sourceTree = "<group>"; };
		DB0358232008402B00622A08 /* RootViewController.swift */ = {isa = PBXFileReference; lastKnownFileType = sourcecode.swift; path = RootViewController.swift; sourceTree = "<group>"; };
		DB0358252008402B00622A08 /* DataViewController.swift */ = {isa = PBXFileReference; lastKnownFileType = sourcecode.swift; path = DataViewController.swift; sourceTree = "<group>"; };
		DB0358272008402B00622A08 /* ModelController.swift */ = {isa = PBXFileReference; lastKnownFileType = sourcecode.swift; path = ModelController.swift; sourceTree = "<group>"; };
		DB03582C2008402B00622A08 /* Assets.xcassets */ = {isa = PBXFileReference; lastKnownFileType = folder.assetcatalog; path = Assets.xcassets; sourceTree = "<group>"; };
		DB03582F2008402B00622A08 /* Base */ = {isa = PBXFileReference; lastKnownFileType = file.storyboard; name = Base; path = Base.lproj/LaunchScreen.storyboard; sourceTree = "<group>"; };
		DB0358312008402C00622A08 /* Info.plist */ = {isa = PBXFileReference; lastKnownFileType = text.plist.xml; path = Info.plist; sourceTree = "<group>"; };
		DB0358362008402C00622A08 /* WeekendWarriorTests.xctest */ = {isa = PBXFileReference; explicitFileType = wrapper.cfbundle; includeInIndex = 0; path = WeekendWarriorTests.xctest; sourceTree = BUILT_PRODUCTS_DIR; };
		DB03583A2008402C00622A08 /* WeekendWarriorTests.swift */ = {isa = PBXFileReference; lastKnownFileType = sourcecode.swift; path = WeekendWarriorTests.swift; sourceTree = "<group>"; };
		DB03583C2008402C00622A08 /* Info.plist */ = {isa = PBXFileReference; lastKnownFileType = text.plist.xml; path = Info.plist; sourceTree = "<group>"; };
		DB0358412008402C00622A08 /* WeekendWarriorUITests.xctest */ = {isa = PBXFileReference; explicitFileType = wrapper.cfbundle; includeInIndex = 0; path = WeekendWarriorUITests.xctest; sourceTree = BUILT_PRODUCTS_DIR; };
		DB0358452008402C00622A08 /* WeekendWarriorUITests.swift */ = {isa = PBXFileReference; lastKnownFileType = sourcecode.swift; path = WeekendWarriorUITests.swift; sourceTree = "<group>"; };
		DB0358472008402C00622A08 /* Info.plist */ = {isa = PBXFileReference; lastKnownFileType = text.plist.xml; path = Info.plist; sourceTree = "<group>"; };
		DB12DB3D2032731C00B2421C /* awsconfiguration.json */ = {isa = PBXFileReference; fileEncoding = 4; lastKnownFileType = text.json; name = awsconfiguration.json; path = ../../Downloads/awsconfiguration.json; sourceTree = "<group>"; };
		DB12DB3F203273A600B2421C /* Trail.swift */ = {isa = PBXFileReference; fileEncoding = 4; lastKnownFileType = sourcecode.swift; path = Trail.swift; sourceTree = "<group>"; };
		DB12DB412032881600B2421C /* weekend-warrior-data.csv */ = {isa = PBXFileReference; fileEncoding = 4; lastKnownFileType = text; path = "weekend-warrior-data.csv"; sourceTree = "<group>"; };
		DB1A7EA9202A55F700210E6C /* TrailTableViewCell.swift */ = {isa = PBXFileReference; lastKnownFileType = sourcecode.swift; path = TrailTableViewCell.swift; sourceTree = "<group>"; };
		DB1A7EAB202A69A200210E6C /* TrailTableViewController.swift */ = {isa = PBXFileReference; lastKnownFileType = sourcecode.swift; path = TrailTableViewController.swift; sourceTree = "<group>"; };
		DBE55B36201FEE3B007337C0 /* WeekendWarrior-Bridging-Header.h */ = {isa = PBXFileReference; lastKnownFileType = sourcecode.c.h; path = "WeekendWarrior-Bridging-Header.h"; sourceTree = "<group>"; };
		DBE55B37201FEE3C007337C0 /* ViewController.m */ = {isa = PBXFileReference; fileEncoding = 4; lastKnownFileType = sourcecode.c.objc; path = ViewController.m; sourceTree = "<group>"; };
		DBE55B39201FEE47007337C0 /* ViewController.h */ = {isa = PBXFileReference; lastKnownFileType = sourcecode.c.h; path = ViewController.h; sourceTree = "<group>"; };
		E78456312027BBBE00CA4717 /* Main.storyboard */ = {isa = PBXFileReference; fileEncoding = 4; lastKnownFileType = file.storyboard; path = Main.storyboard; sourceTree = "<group>"; };
		E78456332027BBDE00CA4717 /* SecondViewController.h */ = {isa = PBXFileReference; fileEncoding = 4; lastKnownFileType = sourcecode.c.h; path = SecondViewController.h; sourceTree = "<group>"; };
		E78456342027BBDE00CA4717 /* SecondViewController.m */ = {isa = PBXFileReference; fileEncoding = 4; lastKnownFileType = sourcecode.c.objc; path = SecondViewController.m; sourceTree = "<group>"; };
		E7D063FC2034C9BE007CAEEF /* TrailDisplayController.swift */ = {isa = PBXFileReference; lastKnownFileType = sourcecode.swift; path = TrailDisplayController.swift; sourceTree = "<group>"; };
/* End PBXFileReference section */

/* Begin PBXFrameworksBuildPhase section */
		DB03581B2008402B00622A08 /* Frameworks */ = {
			isa = PBXFrameworksBuildPhase;
			buildActionMask = 2147483647;
			files = (
				3BED616D9D21DC21EC12C120 /* Pods_WeekendWarrior.framework in Frameworks */,
			);
			runOnlyForDeploymentPostprocessing = 0;
		};
		DB0358332008402C00622A08 /* Frameworks */ = {
			isa = PBXFrameworksBuildPhase;
			buildActionMask = 2147483647;
			files = (
				A4C2F7FA009935B4283DD4FF /* Pods_WeekendWarriorTests.framework in Frameworks */,
			);
			runOnlyForDeploymentPostprocessing = 0;
		};
		DB03583E2008402C00622A08 /* Frameworks */ = {
			isa = PBXFrameworksBuildPhase;
			buildActionMask = 2147483647;
			files = (
				D3B7C3DC948B863209F8563F /* Pods_WeekendWarriorUITests.framework in Frameworks */,
			);
			runOnlyForDeploymentPostprocessing = 0;
		};
/* End PBXFrameworksBuildPhase section */

/* Begin PBXGroup section */
		66A516051A42BEBCDA93D268 /* Frameworks */ = {
			isa = PBXGroup;
			children = (
				23C163100891866AF08117CD /* Pods_WeekendWarrior.framework */,
				321EF7D0E56A8082B2DB5A30 /* Pods_WeekendWarriorTests.framework */,
				07F39AC702E15045D1054050 /* Pods_WeekendWarriorUITests.framework */,
			);
			name = Frameworks;
			sourceTree = "<group>";
		};
		749F50A62D662827C2C75299 /* Pods */ = {
			isa = PBXGroup;
			children = (
				3C4A55D94DC39248362806D3 /* Pods-WeekendWarrior.debug.xcconfig */,
				1D042B678E10DEDC5559D315 /* Pods-WeekendWarrior.release.xcconfig */,
				C7A691F643921E9C108F6A09 /* Pods-WeekendWarriorTests.debug.xcconfig */,
				08AD5400F51875CB48F8FD54 /* Pods-WeekendWarriorTests.release.xcconfig */,
				7BA9B5FA3CCFF00DFC299E3D /* Pods-WeekendWarriorUITests.debug.xcconfig */,
				492A77B6CFA35E2EED744B8D /* Pods-WeekendWarriorUITests.release.xcconfig */,
			);
			name = Pods;
			sourceTree = "<group>";
		};
		DB0358152008402B00622A08 = {
			isa = PBXGroup;
			children = (
				DB0358202008402B00622A08 /* WeekendWarrior */,
				DB0358392008402C00622A08 /* WeekendWarriorTests */,
				DB0358442008402C00622A08 /* WeekendWarriorUITests */,
				DB03581F2008402B00622A08 /* Products */,
				749F50A62D662827C2C75299 /* Pods */,
				66A516051A42BEBCDA93D268 /* Frameworks */,
			);
			sourceTree = "<group>";
		};
		DB03581F2008402B00622A08 /* Products */ = {
			isa = PBXGroup;
			children = (
				DB03581E2008402B00622A08 /* WeekendWarrior.app */,
				DB0358362008402C00622A08 /* WeekendWarriorTests.xctest */,
				DB0358412008402C00622A08 /* WeekendWarriorUITests.xctest */,
			);
			name = Products;
			sourceTree = "<group>";
		};
		DB0358202008402B00622A08 /* WeekendWarrior */ = {
			isa = PBXGroup;
			children = (
				DB12DB412032881600B2421C /* weekend-warrior-data.csv */,
				DB12DB3D2032731C00B2421C /* awsconfiguration.json */,
				DB12DB3F203273A600B2421C /* Trail.swift */,
				E78456312027BBBE00CA4717 /* Main.storyboard */,
				DB1A7EA9202A55F700210E6C /* TrailTableViewCell.swift */,
				DBE55B39201FEE47007337C0 /* ViewController.h */,
				DBE55B37201FEE3C007337C0 /* ViewController.m */,
				E78456332027BBDE00CA4717 /* SecondViewController.h */,
				E78456342027BBDE00CA4717 /* SecondViewController.m */,
				DB1A7EAB202A69A200210E6C /* TrailTableViewController.swift */,
				E7D063FC2034C9BE007CAEEF /* TrailDisplayController.swift */,
				DB0358212008402B00622A08 /* AppDelegate.swift */,
				DB0358232008402B00622A08 /* RootViewController.swift */,
				DB0358252008402B00622A08 /* DataViewController.swift */,
				DB0358272008402B00622A08 /* ModelController.swift */,
				DB03582C2008402B00622A08 /* Assets.xcassets */,
				DB03582E2008402B00622A08 /* LaunchScreen.storyboard */,
				DB0358312008402C00622A08 /* Info.plist */,
				DBE55B36201FEE3B007337C0 /* WeekendWarrior-Bridging-Header.h */,
			);
			path = WeekendWarrior;
			sourceTree = "<group>";
		};
		DB0358392008402C00622A08 /* WeekendWarriorTests */ = {
			isa = PBXGroup;
			children = (
				DB03583A2008402C00622A08 /* WeekendWarriorTests.swift */,
				DB03583C2008402C00622A08 /* Info.plist */,
			);
			path = WeekendWarriorTests;
			sourceTree = "<group>";
		};
		DB0358442008402C00622A08 /* WeekendWarriorUITests */ = {
			isa = PBXGroup;
			children = (
				DB0358452008402C00622A08 /* WeekendWarriorUITests.swift */,
				DB0358472008402C00622A08 /* Info.plist */,
			);
			path = WeekendWarriorUITests;
			sourceTree = "<group>";
		};
/* End PBXGroup section */

/* Begin PBXNativeTarget section */
		DB03581D2008402B00622A08 /* WeekendWarrior */ = {
			isa = PBXNativeTarget;
			buildConfigurationList = DB03584A2008402C00622A08 /* Build configuration list for PBXNativeTarget "WeekendWarrior" */;
			buildPhases = (
				8A64A0BFAFA113BE07DBA8CA /* [CP] Check Pods Manifest.lock */,
				DB03581A2008402B00622A08 /* Sources */,
				DB03581B2008402B00622A08 /* Frameworks */,
				DB03581C2008402B00622A08 /* Resources */,
				0E723929DF5CE5CE836DF9AD /* [CP] Embed Pods Frameworks */,
				D7E2BEEB273CFB8B2F824875 /* [CP] Copy Pods Resources */,
			);
			buildRules = (
			);
			dependencies = (
			);
			name = WeekendWarrior;
			productName = WeekendWarrior;
			productReference = DB03581E2008402B00622A08 /* WeekendWarrior.app */;
			productType = "com.apple.product-type.application";
		};
		DB0358352008402C00622A08 /* WeekendWarriorTests */ = {
			isa = PBXNativeTarget;
			buildConfigurationList = DB03584D2008402C00622A08 /* Build configuration list for PBXNativeTarget "WeekendWarriorTests" */;
			buildPhases = (
				8DFDCA0A0026E16E83E138F1 /* [CP] Check Pods Manifest.lock */,
				DB0358322008402C00622A08 /* Sources */,
				DB0358332008402C00622A08 /* Frameworks */,
				DB0358342008402C00622A08 /* Resources */,
				393C78390416C0BD3D0DA43B /* [CP] Embed Pods Frameworks */,
				F2E067EC9AA79EA9E535DB4A /* [CP] Copy Pods Resources */,
			);
			buildRules = (
			);
			dependencies = (
				DB0358382008402C00622A08 /* PBXTargetDependency */,
			);
			name = WeekendWarriorTests;
			productName = WeekendWarriorTests;
			productReference = DB0358362008402C00622A08 /* WeekendWarriorTests.xctest */;
			productType = "com.apple.product-type.bundle.unit-test";
		};
		DB0358402008402C00622A08 /* WeekendWarriorUITests */ = {
			isa = PBXNativeTarget;
			buildConfigurationList = DB0358502008402C00622A08 /* Build configuration list for PBXNativeTarget "WeekendWarriorUITests" */;
			buildPhases = (
				A4FE50F5F33752D76E736D81 /* [CP] Check Pods Manifest.lock */,
				DB03583D2008402C00622A08 /* Sources */,
				DB03583E2008402C00622A08 /* Frameworks */,
				DB03583F2008402C00622A08 /* Resources */,
				F0FB5324E946B7C5A03FCF5C /* [CP] Embed Pods Frameworks */,
				53CF0D43F60AA2FE6386CB8F /* [CP] Copy Pods Resources */,
			);
			buildRules = (
			);
			dependencies = (
				DB0358432008402C00622A08 /* PBXTargetDependency */,
			);
			name = WeekendWarriorUITests;
			productName = WeekendWarriorUITests;
			productReference = DB0358412008402C00622A08 /* WeekendWarriorUITests.xctest */;
			productType = "com.apple.product-type.bundle.ui-testing";
		};
/* End PBXNativeTarget section */

/* Begin PBXProject section */
		DB0358162008402B00622A08 /* Project object */ = {
			isa = PBXProject;
			attributes = {
				LastSwiftUpdateCheck = 0920;
				LastUpgradeCheck = 0920;
				ORGANIZATIONNAME = "Wyatt Kim";
				TargetAttributes = {
					DB03581D2008402B00622A08 = {
						CreatedOnToolsVersion = 9.2;
						LastSwiftMigration = 0920;
						ProvisioningStyle = Automatic;
					};
					DB0358352008402C00622A08 = {
						CreatedOnToolsVersion = 9.2;
						ProvisioningStyle = Automatic;
						TestTargetID = DB03581D2008402B00622A08;
					};
					DB0358402008402C00622A08 = {
						CreatedOnToolsVersion = 9.2;
						ProvisioningStyle = Automatic;
						TestTargetID = DB03581D2008402B00622A08;
					};
				};
			};
			buildConfigurationList = DB0358192008402B00622A08 /* Build configuration list for PBXProject "WeekendWarrior" */;
			compatibilityVersion = "Xcode 8.0";
			developmentRegion = en;
			hasScannedForEncodings = 0;
			knownRegions = (
				en,
				Base,
			);
			mainGroup = DB0358152008402B00622A08;
			productRefGroup = DB03581F2008402B00622A08 /* Products */;
			projectDirPath = "";
			projectRoot = "";
			targets = (
				DB03581D2008402B00622A08 /* WeekendWarrior */,
				DB0358352008402C00622A08 /* WeekendWarriorTests */,
				DB0358402008402C00622A08 /* WeekendWarriorUITests */,
			);
		};
/* End PBXProject section */

/* Begin PBXResourcesBuildPhase section */
		DB03581C2008402B00622A08 /* Resources */ = {
			isa = PBXResourcesBuildPhase;
			buildActionMask = 2147483647;
			files = (
				DB12DB4320328A5E00B2421C /* weekend-warrior-data.csv in Resources */,
				DB12DB3E2032731C00B2421C /* awsconfiguration.json in Resources */,
				DB0358302008402B00622A08 /* LaunchScreen.storyboard in Resources */,
				DB03582D2008402B00622A08 /* Assets.xcassets in Resources */,
				E78456322027BBBE00CA4717 /* Main.storyboard in Resources */,
			);
			runOnlyForDeploymentPostprocessing = 0;
		};
		DB0358342008402C00622A08 /* Resources */ = {
			isa = PBXResourcesBuildPhase;
			buildActionMask = 2147483647;
			files = (
			);
			runOnlyForDeploymentPostprocessing = 0;
		};
		DB03583F2008402C00622A08 /* Resources */ = {
			isa = PBXResourcesBuildPhase;
			buildActionMask = 2147483647;
			files = (
			);
			runOnlyForDeploymentPostprocessing = 0;
		};
/* End PBXResourcesBuildPhase section */

/* Begin PBXShellScriptBuildPhase section */
		0E723929DF5CE5CE836DF9AD /* [CP] Embed Pods Frameworks */ = {
			isa = PBXShellScriptBuildPhase;
			buildActionMask = 2147483647;
			files = (
			);
			inputPaths = (
				"${SRCROOT}/Pods/Target Support Files/Pods-WeekendWarrior/Pods-WeekendWarrior-frameworks.sh",
				"${BUILT_PRODUCTS_DIR}/AWSAuthCore/AWSAuthCore.framework",
				"${BUILT_PRODUCTS_DIR}/AWSAuthUI/AWSAuthUI.framework",
				"${BUILT_PRODUCTS_DIR}/AWSCognitoIdentityProvider/AWSCognitoIdentityProvider.framework",
				"${BUILT_PRODUCTS_DIR}/AWSCognitoIdentityProviderASF/AWSCognitoIdentityProviderASF.framework",
				"${BUILT_PRODUCTS_DIR}/AWSCore/AWSCore.framework",
				"${BUILT_PRODUCTS_DIR}/AWSDynamoDB/AWSDynamoDB.framework",
				"${BUILT_PRODUCTS_DIR}/AWSMobileClient/AWSMobileClient.framework",
				"${BUILT_PRODUCTS_DIR}/AWSPinpoint/AWSPinpoint.framework",
				"${BUILT_PRODUCTS_DIR}/AWSUserPoolsSignIn/AWSUserPoolsSignIn.framework",
				"${BUILT_PRODUCTS_DIR}/CSV.swift/CSV.framework",
			);
			name = "[CP] Embed Pods Frameworks";
			outputPaths = (
				"${TARGET_BUILD_DIR}/${FRAMEWORKS_FOLDER_PATH}/AWSAuthCore.framework",
				"${TARGET_BUILD_DIR}/${FRAMEWORKS_FOLDER_PATH}/AWSAuthUI.framework",
				"${TARGET_BUILD_DIR}/${FRAMEWORKS_FOLDER_PATH}/AWSCognitoIdentityProvider.framework",
				"${TARGET_BUILD_DIR}/${FRAMEWORKS_FOLDER_PATH}/AWSCognitoIdentityProviderASF.framework",
				"${TARGET_BUILD_DIR}/${FRAMEWORKS_FOLDER_PATH}/AWSCore.framework",
				"${TARGET_BUILD_DIR}/${FRAMEWORKS_FOLDER_PATH}/AWSDynamoDB.framework",
				"${TARGET_BUILD_DIR}/${FRAMEWORKS_FOLDER_PATH}/AWSMobileClient.framework",
				"${TARGET_BUILD_DIR}/${FRAMEWORKS_FOLDER_PATH}/AWSPinpoint.framework",
				"${TARGET_BUILD_DIR}/${FRAMEWORKS_FOLDER_PATH}/AWSUserPoolsSignIn.framework",
				"${TARGET_BUILD_DIR}/${FRAMEWORKS_FOLDER_PATH}/CSV.framework",
			);
			runOnlyForDeploymentPostprocessing = 0;
			shellPath = /bin/sh;
			shellScript = "\"${SRCROOT}/Pods/Target Support Files/Pods-WeekendWarrior/Pods-WeekendWarrior-frameworks.sh\"\n";
			showEnvVarsInLog = 0;
		};
		393C78390416C0BD3D0DA43B /* [CP] Embed Pods Frameworks */ = {
			isa = PBXShellScriptBuildPhase;
			buildActionMask = 2147483647;
			files = (
			);
			inputPaths = (
			);
			name = "[CP] Embed Pods Frameworks";
			outputPaths = (
			);
			runOnlyForDeploymentPostprocessing = 0;
			shellPath = /bin/sh;
			shellScript = "\"${SRCROOT}/Pods/Target Support Files/Pods-WeekendWarriorTests/Pods-WeekendWarriorTests-frameworks.sh\"\n";
			showEnvVarsInLog = 0;
		};
		53CF0D43F60AA2FE6386CB8F /* [CP] Copy Pods Resources */ = {
			isa = PBXShellScriptBuildPhase;
			buildActionMask = 2147483647;
			files = (
			);
			inputPaths = (
			);
			name = "[CP] Copy Pods Resources";
			outputPaths = (
			);
			runOnlyForDeploymentPostprocessing = 0;
			shellPath = /bin/sh;
			shellScript = "\"${SRCROOT}/Pods/Target Support Files/Pods-WeekendWarriorUITests/Pods-WeekendWarriorUITests-resources.sh\"\n";
			showEnvVarsInLog = 0;
		};
		8A64A0BFAFA113BE07DBA8CA /* [CP] Check Pods Manifest.lock */ = {
			isa = PBXShellScriptBuildPhase;
			buildActionMask = 2147483647;
			files = (
			);
			inputPaths = (
				"${PODS_PODFILE_DIR_PATH}/Podfile.lock",
				"${PODS_ROOT}/Manifest.lock",
			);
			name = "[CP] Check Pods Manifest.lock";
			outputPaths = (
				"$(DERIVED_FILE_DIR)/Pods-WeekendWarrior-checkManifestLockResult.txt",
			);
			runOnlyForDeploymentPostprocessing = 0;
			shellPath = /bin/sh;
			shellScript = "diff \"${PODS_PODFILE_DIR_PATH}/Podfile.lock\" \"${PODS_ROOT}/Manifest.lock\" > /dev/null\nif [ $? != 0 ] ; then\n    # print error to STDERR\n    echo \"error: The sandbox is not in sync with the Podfile.lock. Run 'pod install' or update your CocoaPods installation.\" >&2\n    exit 1\nfi\n# This output is used by Xcode 'outputs' to avoid re-running this script phase.\necho \"SUCCESS\" > \"${SCRIPT_OUTPUT_FILE_0}\"\n";
			showEnvVarsInLog = 0;
		};
		8DFDCA0A0026E16E83E138F1 /* [CP] Check Pods Manifest.lock */ = {
			isa = PBXShellScriptBuildPhase;
			buildActionMask = 2147483647;
			files = (
			);
			inputPaths = (
				"${PODS_PODFILE_DIR_PATH}/Podfile.lock",
				"${PODS_ROOT}/Manifest.lock",
			);
			name = "[CP] Check Pods Manifest.lock";
			outputPaths = (
				"$(DERIVED_FILE_DIR)/Pods-WeekendWarriorTests-checkManifestLockResult.txt",
			);
			runOnlyForDeploymentPostprocessing = 0;
			shellPath = /bin/sh;
			shellScript = "diff \"${PODS_PODFILE_DIR_PATH}/Podfile.lock\" \"${PODS_ROOT}/Manifest.lock\" > /dev/null\nif [ $? != 0 ] ; then\n    # print error to STDERR\n    echo \"error: The sandbox is not in sync with the Podfile.lock. Run 'pod install' or update your CocoaPods installation.\" >&2\n    exit 1\nfi\n# This output is used by Xcode 'outputs' to avoid re-running this script phase.\necho \"SUCCESS\" > \"${SCRIPT_OUTPUT_FILE_0}\"\n";
			showEnvVarsInLog = 0;
		};
		A4FE50F5F33752D76E736D81 /* [CP] Check Pods Manifest.lock */ = {
			isa = PBXShellScriptBuildPhase;
			buildActionMask = 2147483647;
			files = (
			);
			inputPaths = (
				"${PODS_PODFILE_DIR_PATH}/Podfile.lock",
				"${PODS_ROOT}/Manifest.lock",
			);
			name = "[CP] Check Pods Manifest.lock";
			outputPaths = (
				"$(DERIVED_FILE_DIR)/Pods-WeekendWarriorUITests-checkManifestLockResult.txt",
			);
			runOnlyForDeploymentPostprocessing = 0;
			shellPath = /bin/sh;
			shellScript = "diff \"${PODS_PODFILE_DIR_PATH}/Podfile.lock\" \"${PODS_ROOT}/Manifest.lock\" > /dev/null\nif [ $? != 0 ] ; then\n    # print error to STDERR\n    echo \"error: The sandbox is not in sync with the Podfile.lock. Run 'pod install' or update your CocoaPods installation.\" >&2\n    exit 1\nfi\n# This output is used by Xcode 'outputs' to avoid re-running this script phase.\necho \"SUCCESS\" > \"${SCRIPT_OUTPUT_FILE_0}\"\n";
			showEnvVarsInLog = 0;
		};
		D7E2BEEB273CFB8B2F824875 /* [CP] Copy Pods Resources */ = {
			isa = PBXShellScriptBuildPhase;
			buildActionMask = 2147483647;
			files = (
			);
			inputPaths = (
			);
			name = "[CP] Copy Pods Resources";
			outputPaths = (
			);
			runOnlyForDeploymentPostprocessing = 0;
			shellPath = /bin/sh;
			shellScript = "\"${SRCROOT}/Pods/Target Support Files/Pods-WeekendWarrior/Pods-WeekendWarrior-resources.sh\"\n";
			showEnvVarsInLog = 0;
		};
		F0FB5324E946B7C5A03FCF5C /* [CP] Embed Pods Frameworks */ = {
			isa = PBXShellScriptBuildPhase;
			buildActionMask = 2147483647;
			files = (
			);
			inputPaths = (
			);
			name = "[CP] Embed Pods Frameworks";
			outputPaths = (
			);
			runOnlyForDeploymentPostprocessing = 0;
			shellPath = /bin/sh;
			shellScript = "\"${SRCROOT}/Pods/Target Support Files/Pods-WeekendWarriorUITests/Pods-WeekendWarriorUITests-frameworks.sh\"\n";
			showEnvVarsInLog = 0;
		};
		F2E067EC9AA79EA9E535DB4A /* [CP] Copy Pods Resources */ = {
			isa = PBXShellScriptBuildPhase;
			buildActionMask = 2147483647;
			files = (
			);
			inputPaths = (
			);
			name = "[CP] Copy Pods Resources";
			outputPaths = (
			);
			runOnlyForDeploymentPostprocessing = 0;
			shellPath = /bin/sh;
			shellScript = "\"${SRCROOT}/Pods/Target Support Files/Pods-WeekendWarriorTests/Pods-WeekendWarriorTests-resources.sh\"\n";
			showEnvVarsInLog = 0;
		};
/* End PBXShellScriptBuildPhase section */

/* Begin PBXSourcesBuildPhase section */
		DB03581A2008402B00622A08 /* Sources */ = {
			isa = PBXSourcesBuildPhase;
			buildActionMask = 2147483647;
			files = (
				DB12DB40203273A600B2421C /* Trail.swift in Sources */,
				DBE55B38201FEE3C007337C0 /* ViewController.m in Sources */,
				DB0358242008402B00622A08 /* RootViewController.swift in Sources */,
				DB1A7EAA202A55F700210E6C /* TrailTableViewCell.swift in Sources */,
				DB1A7EAC202A69A200210E6C /* TrailTableViewController.swift in Sources */,
				E78456352027BBDE00CA4717 /* SecondViewController.m in Sources */,
				DB0358282008402B00622A08 /* ModelController.swift in Sources */,
				DB0358262008402B00622A08 /* DataViewController.swift in Sources */,
				DB0358222008402B00622A08 /* AppDelegate.swift in Sources */,
				E7D063FD2034C9BE007CAEEF /* TrailDisplayController.swift in Sources */,
			);
			runOnlyForDeploymentPostprocessing = 0;
		};
		DB0358322008402C00622A08 /* Sources */ = {
			isa = PBXSourcesBuildPhase;
			buildActionMask = 2147483647;
			files = (
				DB03583B2008402C00622A08 /* WeekendWarriorTests.swift in Sources */,
			);
			runOnlyForDeploymentPostprocessing = 0;
		};
		DB03583D2008402C00622A08 /* Sources */ = {
			isa = PBXSourcesBuildPhase;
			buildActionMask = 2147483647;
			files = (
				DB0358462008402C00622A08 /* WeekendWarriorUITests.swift in Sources */,
			);
			runOnlyForDeploymentPostprocessing = 0;
		};
/* End PBXSourcesBuildPhase section */

/* Begin PBXTargetDependency section */
		DB0358382008402C00622A08 /* PBXTargetDependency */ = {
			isa = PBXTargetDependency;
			target = DB03581D2008402B00622A08 /* WeekendWarrior */;
			targetProxy = DB0358372008402C00622A08 /* PBXContainerItemProxy */;
		};
		DB0358432008402C00622A08 /* PBXTargetDependency */ = {
			isa = PBXTargetDependency;
			target = DB03581D2008402B00622A08 /* WeekendWarrior */;
			targetProxy = DB0358422008402C00622A08 /* PBXContainerItemProxy */;
		};
/* End PBXTargetDependency section */

/* Begin PBXVariantGroup section */
		DB03582E2008402B00622A08 /* LaunchScreen.storyboard */ = {
			isa = PBXVariantGroup;
			children = (
				DB03582F2008402B00622A08 /* Base */,
			);
			name = LaunchScreen.storyboard;
			sourceTree = "<group>";
		};
/* End PBXVariantGroup section */

/* Begin XCBuildConfiguration section */
		DB0358482008402C00622A08 /* Debug */ = {
			isa = XCBuildConfiguration;
			buildSettings = {
				ALWAYS_SEARCH_USER_PATHS = NO;
				CLANG_ANALYZER_NONNULL = YES;
				CLANG_ANALYZER_NUMBER_OBJECT_CONVERSION = YES_AGGRESSIVE;
				CLANG_CXX_LANGUAGE_STANDARD = "gnu++14";
				CLANG_CXX_LIBRARY = "libc++";
				CLANG_ENABLE_MODULES = YES;
				CLANG_ENABLE_OBJC_ARC = YES;
				CLANG_WARN_BLOCK_CAPTURE_AUTORELEASING = YES;
				CLANG_WARN_BOOL_CONVERSION = YES;
				CLANG_WARN_COMMA = YES;
				CLANG_WARN_CONSTANT_CONVERSION = YES;
				CLANG_WARN_DIRECT_OBJC_ISA_USAGE = YES_ERROR;
				CLANG_WARN_DOCUMENTATION_COMMENTS = YES;
				CLANG_WARN_EMPTY_BODY = YES;
				CLANG_WARN_ENUM_CONVERSION = YES;
				CLANG_WARN_INFINITE_RECURSION = YES;
				CLANG_WARN_INT_CONVERSION = YES;
				CLANG_WARN_NON_LITERAL_NULL_CONVERSION = YES;
				CLANG_WARN_OBJC_LITERAL_CONVERSION = YES;
				CLANG_WARN_OBJC_ROOT_CLASS = YES_ERROR;
				CLANG_WARN_RANGE_LOOP_ANALYSIS = YES;
				CLANG_WARN_STRICT_PROTOTYPES = YES;
				CLANG_WARN_SUSPICIOUS_MOVE = YES;
				CLANG_WARN_UNGUARDED_AVAILABILITY = YES_AGGRESSIVE;
				CLANG_WARN_UNREACHABLE_CODE = YES;
				CLANG_WARN__DUPLICATE_METHOD_MATCH = YES;
				CODE_SIGN_IDENTITY = "iPhone Developer";
				COPY_PHASE_STRIP = NO;
				DEBUG_INFORMATION_FORMAT = dwarf;
				ENABLE_STRICT_OBJC_MSGSEND = YES;
				ENABLE_TESTABILITY = YES;
				GCC_C_LANGUAGE_STANDARD = gnu11;
				GCC_DYNAMIC_NO_PIC = NO;
				GCC_NO_COMMON_BLOCKS = YES;
				GCC_OPTIMIZATION_LEVEL = 0;
				GCC_PREPROCESSOR_DEFINITIONS = (
					"DEBUG=1",
					"$(inherited)",
				);
				GCC_WARN_64_TO_32_BIT_CONVERSION = YES;
				GCC_WARN_ABOUT_RETURN_TYPE = YES_ERROR;
				GCC_WARN_UNDECLARED_SELECTOR = YES;
				GCC_WARN_UNINITIALIZED_AUTOS = YES_AGGRESSIVE;
				GCC_WARN_UNUSED_FUNCTION = YES;
				GCC_WARN_UNUSED_VARIABLE = YES;
				IPHONEOS_DEPLOYMENT_TARGET = 11.2;
				MTL_ENABLE_DEBUG_INFO = YES;
				ONLY_ACTIVE_ARCH = YES;
				SDKROOT = iphoneos;
				SWIFT_ACTIVE_COMPILATION_CONDITIONS = DEBUG;
				SWIFT_OPTIMIZATION_LEVEL = "-Onone";
			};
			name = Debug;
		};
		DB0358492008402C00622A08 /* Release */ = {
			isa = XCBuildConfiguration;
			buildSettings = {
				ALWAYS_SEARCH_USER_PATHS = NO;
				CLANG_ANALYZER_NONNULL = YES;
				CLANG_ANALYZER_NUMBER_OBJECT_CONVERSION = YES_AGGRESSIVE;
				CLANG_CXX_LANGUAGE_STANDARD = "gnu++14";
				CLANG_CXX_LIBRARY = "libc++";
				CLANG_ENABLE_MODULES = YES;
				CLANG_ENABLE_OBJC_ARC = YES;
				CLANG_WARN_BLOCK_CAPTURE_AUTORELEASING = YES;
				CLANG_WARN_BOOL_CONVERSION = YES;
				CLANG_WARN_COMMA = YES;
				CLANG_WARN_CONSTANT_CONVERSION = YES;
				CLANG_WARN_DIRECT_OBJC_ISA_USAGE = YES_ERROR;
				CLANG_WARN_DOCUMENTATION_COMMENTS = YES;
				CLANG_WARN_EMPTY_BODY = YES;
				CLANG_WARN_ENUM_CONVERSION = YES;
				CLANG_WARN_INFINITE_RECURSION = YES;
				CLANG_WARN_INT_CONVERSION = YES;
				CLANG_WARN_NON_LITERAL_NULL_CONVERSION = YES;
				CLANG_WARN_OBJC_LITERAL_CONVERSION = YES;
				CLANG_WARN_OBJC_ROOT_CLASS = YES_ERROR;
				CLANG_WARN_RANGE_LOOP_ANALYSIS = YES;
				CLANG_WARN_STRICT_PROTOTYPES = YES;
				CLANG_WARN_SUSPICIOUS_MOVE = YES;
				CLANG_WARN_UNGUARDED_AVAILABILITY = YES_AGGRESSIVE;
				CLANG_WARN_UNREACHABLE_CODE = YES;
				CLANG_WARN__DUPLICATE_METHOD_MATCH = YES;
				CODE_SIGN_IDENTITY = "iPhone Developer";
				COPY_PHASE_STRIP = NO;
				DEBUG_INFORMATION_FORMAT = "dwarf-with-dsym";
				ENABLE_NS_ASSERTIONS = NO;
				ENABLE_STRICT_OBJC_MSGSEND = YES;
				GCC_C_LANGUAGE_STANDARD = gnu11;
				GCC_NO_COMMON_BLOCKS = YES;
				GCC_WARN_64_TO_32_BIT_CONVERSION = YES;
				GCC_WARN_ABOUT_RETURN_TYPE = YES_ERROR;
				GCC_WARN_UNDECLARED_SELECTOR = YES;
				GCC_WARN_UNINITIALIZED_AUTOS = YES_AGGRESSIVE;
				GCC_WARN_UNUSED_FUNCTION = YES;
				GCC_WARN_UNUSED_VARIABLE = YES;
				IPHONEOS_DEPLOYMENT_TARGET = 11.2;
				MTL_ENABLE_DEBUG_INFO = NO;
				SDKROOT = iphoneos;
				SWIFT_OPTIMIZATION_LEVEL = "-Owholemodule";
				VALIDATE_PRODUCT = YES;
			};
			name = Release;
		};
		DB03584B2008402C00622A08 /* Debug */ = {
			isa = XCBuildConfiguration;
			baseConfigurationReference = 3C4A55D94DC39248362806D3 /* Pods-WeekendWarrior.debug.xcconfig */;
			buildSettings = {
				ASSETCATALOG_COMPILER_APPICON_NAME = AppIcon;
				CLANG_ENABLE_MODULES = YES;
				CODE_SIGN_STYLE = Automatic;
				DEVELOPMENT_TEAM = VM3KX25CNE;
				INFOPLIST_FILE = WeekendWarrior/Info.plist;
				LD_RUNPATH_SEARCH_PATHS = "$(inherited) @executable_path/Frameworks";
				PRODUCT_BUNDLE_IDENTIFIER = com.WeekendWarrior;
				PRODUCT_NAME = "$(TARGET_NAME)";
				SWIFT_OBJC_BRIDGING_HEADER = "WeekendWarrior/WeekendWarrior-Bridging-Header.h";
				SWIFT_OPTIMIZATION_LEVEL = "-Onone";
				SWIFT_VERSION = 3.0;
				TARGETED_DEVICE_FAMILY = "1,2";
			};
			name = Debug;
		};
		DB03584C2008402C00622A08 /* Release */ = {
			isa = XCBuildConfiguration;
			baseConfigurationReference = 1D042B678E10DEDC5559D315 /* Pods-WeekendWarrior.release.xcconfig */;
			buildSettings = {
				ASSETCATALOG_COMPILER_APPICON_NAME = AppIcon;
				CLANG_ENABLE_MODULES = YES;
				CODE_SIGN_STYLE = Automatic;
				DEVELOPMENT_TEAM = VM3KX25CNE;
				INFOPLIST_FILE = WeekendWarrior/Info.plist;
				LD_RUNPATH_SEARCH_PATHS = "$(inherited) @executable_path/Frameworks";
				PRODUCT_BUNDLE_IDENTIFIER = com.WeekendWarrior;
				PRODUCT_NAME = "$(TARGET_NAME)";
				SWIFT_OBJC_BRIDGING_HEADER = "WeekendWarrior/WeekendWarrior-Bridging-Header.h";
				SWIFT_VERSION = 3.0;
				TARGETED_DEVICE_FAMILY = "1,2";
			};
			name = Release;
		};
		DB03584E2008402C00622A08 /* Debug */ = {
			isa = XCBuildConfiguration;
			baseConfigurationReference = C7A691F643921E9C108F6A09 /* Pods-WeekendWarriorTests.debug.xcconfig */;
			buildSettings = {
				ALWAYS_EMBED_SWIFT_STANDARD_LIBRARIES = YES;
				BUNDLE_LOADER = "$(TEST_HOST)";
				CODE_SIGN_STYLE = Automatic;
				INFOPLIST_FILE = WeekendWarriorTests/Info.plist;
				LD_RUNPATH_SEARCH_PATHS = "$(inherited) @executable_path/Frameworks @loader_path/Frameworks";
				PRODUCT_BUNDLE_IDENTIFIER = USC.WeekendWarriorTests;
				PRODUCT_NAME = "$(TARGET_NAME)";
				SWIFT_VERSION = 4.0;
				TARGETED_DEVICE_FAMILY = "1,2";
				TEST_HOST = "$(BUILT_PRODUCTS_DIR)/WeekendWarrior.app/WeekendWarrior";
			};
			name = Debug;
		};
		DB03584F2008402C00622A08 /* Release */ = {
			isa = XCBuildConfiguration;
			baseConfigurationReference = 08AD5400F51875CB48F8FD54 /* Pods-WeekendWarriorTests.release.xcconfig */;
			buildSettings = {
				ALWAYS_EMBED_SWIFT_STANDARD_LIBRARIES = YES;
				BUNDLE_LOADER = "$(TEST_HOST)";
				CODE_SIGN_STYLE = Automatic;
				INFOPLIST_FILE = WeekendWarriorTests/Info.plist;
				LD_RUNPATH_SEARCH_PATHS = "$(inherited) @executable_path/Frameworks @loader_path/Frameworks";
				PRODUCT_BUNDLE_IDENTIFIER = USC.WeekendWarriorTests;
				PRODUCT_NAME = "$(TARGET_NAME)";
				SWIFT_VERSION = 4.0;
				TARGETED_DEVICE_FAMILY = "1,2";
				TEST_HOST = "$(BUILT_PRODUCTS_DIR)/WeekendWarrior.app/WeekendWarrior";
			};
			name = Release;
		};
		DB0358512008402C00622A08 /* Debug */ = {
			isa = XCBuildConfiguration;
			baseConfigurationReference = 7BA9B5FA3CCFF00DFC299E3D /* Pods-WeekendWarriorUITests.debug.xcconfig */;
			buildSettings = {
				ALWAYS_EMBED_SWIFT_STANDARD_LIBRARIES = YES;
				CODE_SIGN_STYLE = Automatic;
				INFOPLIST_FILE = WeekendWarriorUITests/Info.plist;
				LD_RUNPATH_SEARCH_PATHS = "$(inherited) @executable_path/Frameworks @loader_path/Frameworks";
				PRODUCT_BUNDLE_IDENTIFIER = USC.WeekendWarriorUITests;
				PRODUCT_NAME = "$(TARGET_NAME)";
				SWIFT_VERSION = 4.0;
				TARGETED_DEVICE_FAMILY = "1,2";
				TEST_TARGET_NAME = WeekendWarrior;
			};
			name = Debug;
		};
		DB0358522008402C00622A08 /* Release */ = {
			isa = XCBuildConfiguration;
			baseConfigurationReference = 492A77B6CFA35E2EED744B8D /* Pods-WeekendWarriorUITests.release.xcconfig */;
			buildSettings = {
				ALWAYS_EMBED_SWIFT_STANDARD_LIBRARIES = YES;
				CODE_SIGN_STYLE = Automatic;
				INFOPLIST_FILE = WeekendWarriorUITests/Info.plist;
				LD_RUNPATH_SEARCH_PATHS = "$(inherited) @executable_path/Frameworks @loader_path/Frameworks";
				PRODUCT_BUNDLE_IDENTIFIER = USC.WeekendWarriorUITests;
				PRODUCT_NAME = "$(TARGET_NAME)";
				SWIFT_VERSION = 4.0;
				TARGETED_DEVICE_FAMILY = "1,2";
				TEST_TARGET_NAME = WeekendWarrior;
			};
			name = Release;
		};
/* End XCBuildConfiguration section */

/* Begin XCConfigurationList section */
		DB0358192008402B00622A08 /* Build configuration list for PBXProject "WeekendWarrior" */ = {
			isa = XCConfigurationList;
			buildConfigurations = (
				DB0358482008402C00622A08 /* Debug */,
				DB0358492008402C00622A08 /* Release */,
			);
			defaultConfigurationIsVisible = 0;
			defaultConfigurationName = Release;
		};
		DB03584A2008402C00622A08 /* Build configuration list for PBXNativeTarget "WeekendWarrior" */ = {
			isa = XCConfigurationList;
			buildConfigurations = (
				DB03584B2008402C00622A08 /* Debug */,
				DB03584C2008402C00622A08 /* Release */,
			);
			defaultConfigurationIsVisible = 0;
			defaultConfigurationName = Release;
		};
		DB03584D2008402C00622A08 /* Build configuration list for PBXNativeTarget "WeekendWarriorTests" */ = {
			isa = XCConfigurationList;
			buildConfigurations = (
				DB03584E2008402C00622A08 /* Debug */,
				DB03584F2008402C00622A08 /* Release */,
			);
			defaultConfigurationIsVisible = 0;
			defaultConfigurationName = Release;
		};
		DB0358502008402C00622A08 /* Build configuration list for PBXNativeTarget "WeekendWarriorUITests" */ = {
			isa = XCConfigurationList;
			buildConfigurations = (
				DB0358512008402C00622A08 /* Debug */,
				DB0358522008402C00622A08 /* Release */,
			);
			defaultConfigurationIsVisible = 0;
			defaultConfigurationName = Release;
		};
/* End XCConfigurationList section */
	};
	rootObject = DB0358162008402B00622A08 /* Project object */;
}
